
Microsoft Visual Studio Solution File, Format Version 12.00
# Visual Studio 14
VisualStudioVersion = 14.0.25123.0
MinimumVisualStudioVersion = 10.0.40219.1
Project("{FAE04EC0-301F-11D3-BF4B-00C04F79EFBC}") = "Write a Simple Parallel.For Loop", "Write a Simple Parallel.For Loop\Write a Simple Parallel.For Loop.csproj", "{87FA328A-F5E2-40A3-9626-F9E37B554D71}"
EndProject
Project("{FAE04EC0-301F-11D3-BF4B-00C04F79EFBC}") = "Write a Simple Parallel.ForEach Loop", "Write a Simple Parallel.ForEach Loop\Write a Simple Parallel.ForEach Loop.csproj", "{D13AA7D2-084D-427B-9E22-C4DCCBD3C207}"
EndProject
Project("{FAE04EC0-301F-11D3-BF4B-00C04F79EFBC}") = "Parallel.For Loop with Thread-Local Variables", "Parallel.For Loop with Thread-Local Variables\Parallel.For Loop with Thread-Local Variables.csproj", "{6558A71D-3BFA-4FEE-852A-924295C51612}"
EndProject
Project("{FAE04EC0-301F-11D3-BF4B-00C04F79EFBC}") = "Pararllel.ForEach with Thread-Local variables", "Pararllel.ForEach with Thread-Local variables\Pararllel.ForEach with Thread-Local variables.csproj", "{B1FB1E52-C3CA-4D94-A9C7-CD7070C9CC65}"
EndProject
Project("{FAE04EC0-301F-11D3-BF4B-00C04F79EFBC}") = "Cancel Parallel Loop", "Cancel Parallel Loop\Cancel Parallel Loop.csproj", "{35E50B02-64A9-45BC-ACF8-9B8580067DBF}"
EndProject
Project("{FAE04EC0-301F-11D3-BF4B-00C04F79EFBC}") = "Handle Exceptions in Parallel Loops", "Handle Exceptions in Parallel Loops\Handle Exceptions in Parallel Loops.csproj", "{3DD2E143-0FD9-4764-A127-867183F229D9}"
EndProject
Global
	GlobalSection(SolutionConfigurationPlatforms) = preSolution
		Debug|Any CPU = Debug|Any CPU
		Release|Any CPU = Release|Any CPU
	EndGlobalSection
	GlobalSection(ProjectConfigurationPlatforms) = postSolution
		{87FA328A-F5E2-40A3-9626-F9E37B554D71}.Debug|Any CPU.ActiveCfg = Debug|Any CPU
		{87FA328A-F5E2-40A3-9626-F9E37B554D71}.Debug|Any CPU.Build.0 = Debug|Any CPU
		{87FA328A-F5E2-40A3-9626-F9E37B554D71}.Release|Any CPU.ActiveCfg = Release|Any CPU
		{87FA328A-F5E2-40A3-9626-F9E37B554D71}.Release|Any CPU.Build.0 = Release|Any CPU
		{D13AA7D2-084D-427B-9E22-C4DCCBD3C207}.Debug|Any CPU.ActiveCfg = Debug|Any CPU
		{D13AA7D2-084D-427B-9E22-C4DCCBD3C207}.Debug|Any CPU.Build.0 = Debug|Any CPU
		{D13AA7D2-084D-427B-9E22-C4DCCBD3C207}.Release|Any CPU.ActiveCfg = Release|Any CPU
		{D13AA7D2-084D-427B-9E22-C4DCCBD3C207}.Release|Any CPU.Build.0 = Release|Any CPU
		{6558A71D-3BFA-4FEE-852A-924295C51612}.Debug|Any CPU.ActiveCfg = Debug|Any CPU
		{6558A71D-3BFA-4FEE-852A-924295C51612}.Debug|Any CPU.Build.0 = Debug|Any CPU
		{6558A71D-3BFA-4FEE-852A-924295C51612}.Release|Any CPU.ActiveCfg = Release|Any CPU
		{6558A71D-3BFA-4FEE-852A-924295C51612}.Release|Any CPU.Build.0 = Release|Any CPU
		{B1FB1E52-C3CA-4D94-A9C7-CD7070C9CC65}.Debug|Any CPU.ActiveCfg = Debug|Any CPU
		{B1FB1E52-C3CA-4D94-A9C7-CD7070C9CC65}.Debug|Any CPU.Build.0 = Debug|Any CPU
		{B1FB1E52-C3CA-4D94-A9C7-CD7070C9CC65}.Release|Any CPU.ActiveCfg = Release|Any CPU
		{B1FB1E52-C3CA-4D94-A9C7-CD7070C9CC65}.Release|Any CPU.Build.0 = Release|Any CPU
		{35E50B02-64A9-45BC-ACF8-9B8580067DBF}.Debug|Any CPU.ActiveCfg = Debug|Any CPU
		{35E50B02-64A9-45BC-ACF8-9B8580067DBF}.Debug|Any CPU.Build.0 = Debug|Any CPU
		{35E50B02-64A9-45BC-ACF8-9B8580067DBF}.Release|Any CPU.ActiveCfg = Release|Any CPU
		{35E50B02-64A9-45BC-ACF8-9B8580067DBF}.Release|Any CPU.Build.0 = Release|Any CPU
		{3DD2E143-0FD9-4764-A127-867183F229D9}.Debug|Any CPU.ActiveCfg = Debug|Any CPU
		{3DD2E143-0FD9-4764-A127-867183F229D9}.Debug|Any CPU.Build.0 = Debug|Any CPU
		{3DD2E143-0FD9-4764-A127-867183F229D9}.Release|Any CPU.ActiveCfg = Release|Any CPU
		{3DD2E143-0FD9-4764-A127-867183F229D9}.Release|Any CPU.Build.0 = Release|Any CPU
	EndGlobalSection
	GlobalSection(SolutionProperties) = preSolution
		HideSolutionNode = FALSE
	EndGlobalSection
EndGlobal
